{
  "name": "mp3-to-aac",
  "version": "1.0.0",
  "lockfileVersion": 1,
  "requires": true,
  "dependencies": {
    "@types/ffmpeg-static": {
      "version": "2.0.0",
      "resolved": "https://registry.npmjs.org/@types/ffmpeg-static/-/ffmpeg-static-2.0.0.tgz",
      "integrity": "sha512-ytooy2ZoIW+nahlxsJaugfY9Q5VYkRb8vzcOQGf1k0OFlwAnpRn59wIuYx04oFjqFvXjszTwJSdVx3qaM3nISQ==",
      "dev": true
    },
    "@types/node": {
      "version": "12.12.11",
      "resolved": "https://registry.npmjs.org/@types/node/-/node-12.12.11.tgz",
      "integrity": "sha512-O+x6uIpa6oMNTkPuHDa9MhMMehlxLAd5QcOvKRjAFsBVpeFWTOPnXbDvILvFgFFZfQ1xh1EZi1FbXxUix+zpsQ==",
      "dev": true
    },
    "ffmpeg-static": {
      "version": "2.7.0",
      "resolved": "https://registry.npmjs.org/ffmpeg-static/-/ffmpeg-static-2.7.0.tgz",
      "integrity": "sha512-Khjg/4tCBen58ixhXlkRNqs3hUKpTOlGOUrw859M09tdjeMkXyXRQ+YuJjGczRhGO7Y8fHPJZcQ37V/OzvZvjQ=="
    },
    "typescript": {
      "version": "3.7.2",
      "resolved": "https://registry.npmjs.org/typescript/-/typescript-3.7.2.tgz",
      "integrity": "sha512-ml7V7JfiN2Xwvcer+XAf2csGO1bPBdRbFCkYBczNZggrBZ9c7G3riSUeJmqEU5uOtXNPMhE3n+R4FA/3YOAWOQ==",
      "dev": true
    }
  }
}
